
Microsoft Visual Studio Solution File, Format Version 12.00
# Visual Studio 15
VisualStudioVersion = 15.0.27703.2026
MinimumVisualStudioVersion = 10.0.40219.1
Project("{9A19103F-16F7-4668-BE54-9A1E7A4F7556}") = "Schyntax", "Schyntax\Schyntax.csproj", "{74B412BA-B833-4D3E-87E7-876B47A6F1E3}"
EndProject
Project("{9A19103F-16F7-4668-BE54-9A1E7A4F7556}") = "Schyntax.Tests", "Schyntax.Tests\Schyntax.Tests.csproj", "{9DD8106F-71C7-4DFD-919A-4EE600962536}"
EndProject
Project("{2150E333-8FDC-42A3-9474-1A3956D46DE8}") = "Solution Items", "Solution Items", "{AB7A91B7-F791-43E7-9F25-2CB2243484E9}"
	ProjectSection(SolutionItems) = preProject
		.gitattributes = .gitattributes
		.gitignore = .gitignore
		appveyor.yml = appveyor.yml
		build.cmd = build.cmd
		build.ps1 = build.ps1
		LICENSE.MIT = LICENSE.MIT
		README.md = README.md
	EndProjectSection
EndProject
Global
	GlobalSection(SolutionConfigurationPlatforms) = preSolution
		Debug|Any CPU = Debug|Any CPU
		Release|Any CPU = Release|Any CPU
	EndGlobalSection
	GlobalSection(ProjectConfigurationPlatforms) = postSolution
		{74B412BA-B833-4D3E-87E7-876B47A6F1E3}.Debug|Any CPU.ActiveCfg = Debug|Any CPU
		{74B412BA-B833-4D3E-87E7-876B47A6F1E3}.Debug|Any CPU.Build.0 = Debug|Any CPU
		{74B412BA-B833-4D3E-87E7-876B47A6F1E3}.Release|Any CPU.ActiveCfg = Release|Any CPU
		{74B412BA-B833-4D3E-87E7-876B47A6F1E3}.Release|Any CPU.Build.0 = Release|Any CPU
		{9DD8106F-71C7-4DFD-919A-4EE600962536}.Debug|Any CPU.ActiveCfg = Debug|Any CPU
		{9DD8106F-71C7-4DFD-919A-4EE600962536}.Debug|Any CPU.Build.0 = Debug|Any CPU
		{9DD8106F-71C7-4DFD-919A-4EE600962536}.Release|Any CPU.ActiveCfg = Release|Any CPU
		{9DD8106F-71C7-4DFD-919A-4EE600962536}.Release|Any CPU.Build.0 = Release|Any CPU
	EndGlobalSection
	GlobalSection(SolutionProperties) = preSolution
		HideSolutionNode = FALSE
	EndGlobalSection
	GlobalSection(ExtensibilityGlobals) = postSolution
		SolutionGuid = {38858989-27DC-4529-85F7-82697B8095DC}
	EndGlobalSection
EndGlobal
