
Microsoft Visual Studio Solution File, Format Version 12.00
# Visual Studio 2013
VisualStudioVersion = 12.0.30723.0
MinimumVisualStudioVersion = 10.0.40219.1
Project("{FAE04EC0-301F-11D3-BF4B-00C04F79EFBC}") = "Schyntax", "Schyntax\Schyntax.csproj", "{74B412BA-B833-4D3E-87E7-876B47A6F1E3}"
EndProject
Project("{FAE04EC0-301F-11D3-BF4B-00C04F79EFBC}") = "Schyntax.Tests", "Schyntax.Tests\Schyntax.Tests.csproj", "{9DD8106F-71C7-4DFD-919A-4EE600962536}"
EndProject
Global
	GlobalSection(SolutionConfigurationPlatforms) = preSolution
		Debug|Any CPU = Debug|Any CPU
		Release|Any CPU = Release|Any CPU
	EndGlobalSection
	GlobalSection(ProjectConfigurationPlatforms) = postSolution
		{74B412BA-B833-4D3E-87E7-876B47A6F1E3}.Debug|Any CPU.ActiveCfg = Debug|Any CPU
		{74B412BA-B833-4D3E-87E7-876B47A6F1E3}.Debug|Any CPU.Build.0 = Debug|Any CPU
		{74B412BA-B833-4D3E-87E7-876B47A6F1E3}.Release|Any CPU.ActiveCfg = Release|Any CPU
		{74B412BA-B833-4D3E-87E7-876B47A6F1E3}.Release|Any CPU.Build.0 = Release|Any CPU
		{9DD8106F-71C7-4DFD-919A-4EE600962536}.Debug|Any CPU.ActiveCfg = Debug|Any CPU
		{9DD8106F-71C7-4DFD-919A-4EE600962536}.Debug|Any CPU.Build.0 = Debug|Any CPU
		{9DD8106F-71C7-4DFD-919A-4EE600962536}.Release|Any CPU.ActiveCfg = Release|Any CPU
		{9DD8106F-71C7-4DFD-919A-4EE600962536}.Release|Any CPU.Build.0 = Release|Any CPU
	EndGlobalSection
	GlobalSection(SolutionProperties) = preSolution
		HideSolutionNode = FALSE
	EndGlobalSection
EndGlobal
